
Microsoft Visual Studio Solution File, Format Version 12.00
# Visual Studio Version 17
VisualStudioVersion = 17.8.34322.80
MinimumVisualStudioVersion = 10.0.40219.1
Project("{FAE04EC0-301F-11D3-BF4B-00C04F79EFBC}") = "Fråga 2 - Individuell Inlämning", "Fråga 2 - Individuell Inlämning\Fråga 2 - Individuell Inlämning.csproj", "{F1F6B82D-5B52-469D-B3BC-D80052D79979}"
EndProject
Global
	GlobalSection(SolutionConfigurationPlatforms) = preSolution
		Debug|Any CPU = Debug|Any CPU
		Release|Any CPU = Release|Any CPU
	EndGlobalSection
	GlobalSection(ProjectConfigurationPlatforms) = postSolution
		{F1F6B82D-5B52-469D-B3BC-D80052D79979}.Debug|Any CPU.ActiveCfg = Debug|Any CPU
		{F1F6B82D-5B52-469D-B3BC-D80052D79979}.Debug|Any CPU.Build.0 = Debug|Any CPU
		{F1F6B82D-5B52-469D-B3BC-D80052D79979}.Release|Any CPU.ActiveCfg = Release|Any CPU
		{F1F6B82D-5B52-469D-B3BC-D80052D79979}.Release|Any CPU.Build.0 = Release|Any CPU
	EndGlobalSection
	GlobalSection(SolutionProperties) = preSolution
		HideSolutionNode = FALSE
	EndGlobalSection
	GlobalSection(ExtensibilityGlobals) = postSolution
		SolutionGuid = {B689FBED-ED48-4904-B898-1F3FFD02C043}
	EndGlobalSection
EndGlobal
